
Microsoft Visual Studio Solution File, Format Version 12.00
# Visual Studio Version 17
VisualStudioVersion = 17.9.34607.119
MinimumVisualStudioVersion = 10.0.40219.1
Project("{FAE04EC0-301F-11D3-BF4B-00C04F79EFBC}") = "roket-chat-api", "roket-chat-api.csproj", "{74E70C2B-6EF9-4733-AF4A-2A537B4448D0}"
EndProject
Global
	GlobalSection(SolutionConfigurationPlatforms) = preSolution
		Debug|Any CPU = Debug|Any CPU
		Release|Any CPU = Release|Any CPU
	EndGlobalSection
	GlobalSection(ProjectConfigurationPlatforms) = postSolution
		{74E70C2B-6EF9-4733-AF4A-2A537B4448D0}.Debug|Any CPU.ActiveCfg = Debug|Any CPU
		{74E70C2B-6EF9-4733-AF4A-2A537B4448D0}.Debug|Any CPU.Build.0 = Debug|Any CPU
		{74E70C2B-6EF9-4733-AF4A-2A537B4448D0}.Release|Any CPU.ActiveCfg = Release|Any CPU
		{74E70C2B-6EF9-4733-AF4A-2A537B4448D0}.Release|Any CPU.Build.0 = Release|Any CPU
	EndGlobalSection
	GlobalSection(SolutionProperties) = preSolution
		HideSolutionNode = FALSE
	EndGlobalSection
	GlobalSection(ExtensibilityGlobals) = postSolution
		SolutionGuid = {CF45143C-C286-4121-8846-152C72D0AF60}
	EndGlobalSection
EndGlobal
